{
  "name": "webguard",
  "version": "1.0.0",
  "lockfileVersion": 3,
  "requires": true,
  "packages": {
    "": {
      "name": "webguard",
      "version": "1.0.0",
      "license": "ISC",
      "workspaces": [
        "packages/*"
      ]
    },
    "node_modules/@webguard/core": {
      "resolved": "packages/core",
      "link": true
    },
    "node_modules/@webguard/utils": {
      "resolved": "packages/utils",
      "link": true
    },
    "packages/core": {
      "name": "@webguard/core",
      "version": "1.0.0",
      "license": "ISC",
      "dependencies": {
        "@webguard/utils": "^1.0.0"
      }
    },
    "packages/utils": {
      "name": "@webguard/utils",
      "version": "1.0.0",
      "license": "ISC"
    }
  }
}
