{
  "name": "web-guard",
  "version": "1.0.0",
  "lockfileVersion": 3,
  "requires": true,
  "packages": {
    "": {
      "name": "web-guard",
      "version": "1.0.0",
      "license": "ISC",
      "workspaces": [
        "packages/*"
      ]
    },
    "node_modules/@web-guard/core": {
      "resolved": "packages/core",
      "link": true
    },
    "node_modules/@web-guard/utils": {
      "resolved": "packages/utils",
      "link": true
    },
    "packages/core": {
      "name": "@web-guard/core",
      "version": "1.0.0",
      "license": "ISC",
      "dependencies": {
        "@web-guard/utils": "^1.0.0"
      }
    },
    "packages/utils": {
      "name": "@web-guard/utils",
      "version": "1.0.0",
      "license": "ISC"
    }
  }
}
